
Microsoft Visual Studio Solution File, Format Version 12.00
# Visual Studio 15
VisualStudioVersion = 15.0.28307.329
MinimumVisualStudioVersion = 10.0.40219.1
Project("{8BC9CEB8-8B4A-11D0-8D11-00A0C91BC942}") = "MainProject", "MainProject.vcxproj", "{59BD19BC-84CE-3738-87E3-E73E113026D8}"
EndProject
Global
	GlobalSection(SolutionConfigurationPlatforms) = preSolution
		Debug|x64 = Debug|x64
		Release|x64 = Release|x64
	EndGlobalSection
	GlobalSection(ProjectConfigurationPlatforms) = postSolution
		{59BD19BC-84CE-3738-87E3-E73E113026D8}.Debug|x64.ActiveCfg = Debug|x64
		{59BD19BC-84CE-3738-87E3-E73E113026D8}.Debug|x64.Build.0 = Debug|x64
		{59BD19BC-84CE-3738-87E3-E73E113026D8}.Release|x64.ActiveCfg = Release|x64
		{59BD19BC-84CE-3738-87E3-E73E113026D8}.Release|x64.Build.0 = Release|x64
	EndGlobalSection
	GlobalSection(SolutionProperties) = preSolution
		HideSolutionNode = FALSE
	EndGlobalSection
	GlobalSection(ExtensibilityGlobals) = postSolution
		SolutionGuid = {5200C35D-4F05-472D-A9ED-EC1238CE1620}
	EndGlobalSection
EndGlobal
